
Microsoft Visual Studio Solution File, Format Version 12.00
Project("{2150E333-8FDC-42A3-9474-1A3956D46DE8}") = "Session1", "Session1", "{1D3F2A85-921B-483C-8037-C7ED2C91DFF2}"
EndProject
Project("{FAE04EC0-301F-11D3-BF4B-00C04F79EFBC}") = "Ex1", "Ex1\Ex1.csproj", "{97295147-A709-45FB-B960-7C38EF7BDD59}"
EndProject
Project("{FAE04EC0-301F-11D3-BF4B-00C04F79EFBC}") = "Ex3", "Ex3\Ex3.csproj", "{BBE3429E-D9CA-46E2-BBA3-7F3E235CCA66}"
EndProject
Project("{FAE04EC0-301F-11D3-BF4B-00C04F79EFBC}") = "Ex2_setup", "Ex2_setup\Ex2_setup.csproj", "{E4B72CF2-FC88-4152-B3F8-CBB782AC902E}"
EndProject
Project("{FAE04EC0-301F-11D3-BF4B-00C04F79EFBC}") = "Ex4", "Ex4\Ex4.csproj", "{A8C257E8-3037-47FC-B599-2FBAE5C3741F}"
EndProject
Project("{FAE04EC0-301F-11D3-BF4B-00C04F79EFBC}") = "Ex5", "Ex5\Ex5.csproj", "{3A416BFD-4276-4E18-B7E9-A2DA0A495684}"
EndProject
Project("{FAE04EC0-301F-11D3-BF4B-00C04F79EFBC}") = "Ex6", "Ex6\Ex6.csproj", "{A4DBFC28-EEBB-4003-A700-A0A815C34BF5}"
EndProject
Project("{FAE04EC0-301F-11D3-BF4B-00C04F79EFBC}") = "Ex7", "Ex7\Ex7.csproj", "{F2D0EF7E-8595-4C3A-836A-AB1210A25516}"
EndProject
Project("{FAE04EC0-301F-11D3-BF4B-00C04F79EFBC}") = "Ex8", "Ex8\Ex8.csproj", "{71AE588E-EFBD-4A65-A78E-E9CCF704494B}"
EndProject
Project("{FAE04EC0-301F-11D3-BF4B-00C04F79EFBC}") = "Ex9 Substring", "Ex9 Substring\Ex9 Substring.csproj", "{9BDCD6C0-4C3C-4373-BED2-8CF1482F7F83}"
EndProject
Project("{FAE04EC0-301F-11D3-BF4B-00C04F79EFBC}") = "Ex10 Big_Diff", "Ex10 Big_Diff\Ex10 Big_Diff.csproj", "{F99DB788-1747-4450-9BAE-E170AC696E9D}"
EndProject
Project("{FAE04EC0-301F-11D3-BF4B-00C04F79EFBC}") = "Ex11", "Ex11\Ex11.csproj", "{381642FC-1C7D-4368-A46C-3455EFB88D25}"
EndProject
Project("{2150E333-8FDC-42A3-9474-1A3956D46DE8}") = "Session2", "Session2", "{B8425083-7BAD-468F-B1AA-95E33BA83DA2}"
EndProject
Project("{FAE04EC0-301F-11D3-BF4B-00C04F79EFBC}") = "Ex1 Polymorphism", "Ex1 Polymorphism\Ex1 Polymorphism.csproj", "{C734CB85-6427-4010-BA1A-BB739C061299}"
EndProject
Project("{FAE04EC0-301F-11D3-BF4B-00C04F79EFBC}") = "Ex4 DoctorsWaitingRoom", "Ex4 DoctorsWaitingRoom\Ex4 DoctorsWaitingRoom.csproj", "{747ADDE6-D3B2-4130-B53F-AE67E1D44824}"
EndProject
Project("{FAE04EC0-301F-11D3-BF4B-00C04F79EFBC}") = "Ex5 Car ", "Ex5 Car \Ex5 Car .csproj", "{3DACDADE-E4BA-4FF7-B432-9D79756BD707}"
EndProject
Project("{FAE04EC0-301F-11D3-BF4B-00C04F79EFBC}") = "Ex6 Bird Watchers", "Ex6 Bird Watchers\Ex6 Bird Watchers.csproj", "{39CD4412-9C3F-403D-98B9-695CB0CCB9A1}"
EndProject
Project("{2150E333-8FDC-42A3-9474-1A3956D46DE8}") = "Session3", "Session3", "{15039272-2861-4F80-9FC9-C34E767B4115}"
EndProject
Project("{FAE04EC0-301F-11D3-BF4B-00C04F79EFBC}") = "JSON Intro", "JSON Intro\JSON Intro.csproj", "{07B2293B-25AD-4F21-ACED-37FBBE91B26E}"
EndProject
Project("{FAE04EC0-301F-11D3-BF4B-00C04F79EFBC}") = "JSON file storgae", "JSON file storgae\JSON file storgae.csproj", "{2BFF63F0-AFE7-49F5-9D4C-B4D555CBAB1D}"
EndProject
Project("{FAE04EC0-301F-11D3-BF4B-00C04F79EFBC}") = "EchoServer", "EchoServer\EchoServer.csproj", "{A87BF17A-145D-4C0E-9656-4D1241D33C87}"
EndProject
Project("{2150E333-8FDC-42A3-9474-1A3956D46DE8}") = "Session4", "Session4", "{784920B1-C055-494D-956F-2EA37DBE5D61}"
EndProject
Project("{FAE04EC0-301F-11D3-BF4B-00C04F79EFBC}") = "WebApplication", "WebApplication\WebApplication.csproj", "{A4C5F137-8B36-4009-B2A3-DDF858EBBCE3}"
EndProject
Project("{FAE04EC0-301F-11D3-BF4B-00C04F79EFBC}") = "AdvancedTodo", "AdvancedTodo\AdvancedTodo.csproj", "{4916C72A-B034-49B6-A610-78BC8BF6917B}"
EndProject
Project("{FAE04EC0-301F-11D3-BF4B-00C04F79EFBC}") = "EchoClientSide", "EchoClientSide\EchoClientSide.csproj", "{C14A8379-08A1-4F35-8F10-8B54EB3D48C4}"
EndProject
Project("{FAE04EC0-301F-11D3-BF4B-00C04F79EFBC}") = "Multithreaded server", "Multithreaded server\Multithreaded server.csproj", "{ED1508E7-0464-43CD-8C1E-6D053C288666}"
EndProject
Project("{FAE04EC0-301F-11D3-BF4B-00C04F79EFBC}") = "Multithreaded client", "Multithreaded client\Multithreaded client.csproj", "{3E42D251-166D-4565-8B6C-02E6CFF29010}"
EndProject
Project("{FAE04EC0-301F-11D3-BF4B-00C04F79EFBC}") = "ChatClient", "ChatClient\ChatClient.csproj", "{0B323DC3-D671-49AE-98F7-740974BBF020}"
EndProject
Project("{FAE04EC0-301F-11D3-BF4B-00C04F79EFBC}") = "ChatServer", "ChatServer\ChatServer.csproj", "{FA566BCA-3459-43F7-93E1-E44D340DA374}"
EndProject
Project("{FAE04EC0-301F-11D3-BF4B-00C04F79EFBC}") = "The Cake Corner", "The Cake Corner\The Cake Corner.csproj", "{18BE4E90-D9E6-4CD3-ABA7-41648383BE95}"
EndProject
Project("{2150E333-8FDC-42A3-9474-1A3956D46DE8}") = "Session5", "Session5", "{9C49E656-3046-418F-9714-710CFD203974}"
EndProject
Project("{FAE04EC0-301F-11D3-BF4B-00C04F79EFBC}") = "loginSetup", "loginSetup\loginSetup.csproj", "{CBB64232-502E-44C6-BD3A-384544B3B6B9}"
EndProject
Project("{2150E333-8FDC-42A3-9474-1A3956D46DE8}") = "Assignment 1", "Assignment 1", "{FA526CDD-5D9C-4FDF-9850-E5E58695910C}"
EndProject
Project("{FAE04EC0-301F-11D3-BF4B-00C04F79EFBC}") = "Family Management", "Family Management\Family Management.csproj", "{E8743DAB-89F4-456E-9634-F9B4AD3AA55C}"
EndProject
Project("{2150E333-8FDC-42A3-9474-1A3956D46DE8}") = "Session6 webAPI", "Session6 webAPI", "{D4430639-8382-4D65-9571-9A36BB92DD7A}"
EndProject
Project("{FAE04EC0-301F-11D3-BF4B-00C04F79EFBC}") = "DeafultWebApplication", "DeafultWebApplication\DeafultWebApplication.csproj", "{612F0C17-3CDF-431A-A377-EDA643C6B7B1}"
EndProject
Project("{FAE04EC0-301F-11D3-BF4B-00C04F79EFBC}") = "WebApplication1", "WebApplication1\WebApplication1.csproj", "{4A423FEA-0F47-4D48-BE70-F13FC6EB63F3}"
EndProject
Project("{FAE04EC0-301F-11D3-BF4B-00C04F79EFBC}") = "TodosWebAPI", "TodosWebAPI\TodosWebAPI.csproj", "{5874F914-B0CD-4121-8FF4-1B1120A211D3}"
EndProject
Project("{2150E333-8FDC-42A3-9474-1A3956D46DE8}") = "Assignment2", "Assignment2", "{60EB3A63-F645-41A4-AFB9-F0A4A9569C23}"
EndProject
Project("{FAE04EC0-301F-11D3-BF4B-00C04F79EFBC}") = "ManagingFamily", "ManagingFamily\ManagingFamily.csproj", "{604551CB-80F9-4652-8C06-1915F09579FC}"
EndProject
Project("{FAE04EC0-301F-11D3-BF4B-00C04F79EFBC}") = "Client", "Client\Client.csproj", "{0D7E92C4-CF19-40D7-AD8E-12BDAD3C2438}"
EndProject
Global
	GlobalSection(SolutionConfigurationPlatforms) = preSolution
		Debug|Any CPU = Debug|Any CPU
		Release|Any CPU = Release|Any CPU
	EndGlobalSection
	GlobalSection(NestedProjects) = preSolution
		{97295147-A709-45FB-B960-7C38EF7BDD59} = {1D3F2A85-921B-483C-8037-C7ED2C91DFF2}
		{BBE3429E-D9CA-46E2-BBA3-7F3E235CCA66} = {1D3F2A85-921B-483C-8037-C7ED2C91DFF2}
		{E4B72CF2-FC88-4152-B3F8-CBB782AC902E} = {1D3F2A85-921B-483C-8037-C7ED2C91DFF2}
		{A8C257E8-3037-47FC-B599-2FBAE5C3741F} = {1D3F2A85-921B-483C-8037-C7ED2C91DFF2}
		{3A416BFD-4276-4E18-B7E9-A2DA0A495684} = {1D3F2A85-921B-483C-8037-C7ED2C91DFF2}
		{A4DBFC28-EEBB-4003-A700-A0A815C34BF5} = {1D3F2A85-921B-483C-8037-C7ED2C91DFF2}
		{F2D0EF7E-8595-4C3A-836A-AB1210A25516} = {1D3F2A85-921B-483C-8037-C7ED2C91DFF2}
		{71AE588E-EFBD-4A65-A78E-E9CCF704494B} = {1D3F2A85-921B-483C-8037-C7ED2C91DFF2}
		{9BDCD6C0-4C3C-4373-BED2-8CF1482F7F83} = {1D3F2A85-921B-483C-8037-C7ED2C91DFF2}
		{F99DB788-1747-4450-9BAE-E170AC696E9D} = {1D3F2A85-921B-483C-8037-C7ED2C91DFF2}
		{381642FC-1C7D-4368-A46C-3455EFB88D25} = {1D3F2A85-921B-483C-8037-C7ED2C91DFF2}
		{C734CB85-6427-4010-BA1A-BB739C061299} = {B8425083-7BAD-468F-B1AA-95E33BA83DA2}
		{747ADDE6-D3B2-4130-B53F-AE67E1D44824} = {B8425083-7BAD-468F-B1AA-95E33BA83DA2}
		{3DACDADE-E4BA-4FF7-B432-9D79756BD707} = {B8425083-7BAD-468F-B1AA-95E33BA83DA2}
		{39CD4412-9C3F-403D-98B9-695CB0CCB9A1} = {B8425083-7BAD-468F-B1AA-95E33BA83DA2}
		{07B2293B-25AD-4F21-ACED-37FBBE91B26E} = {15039272-2861-4F80-9FC9-C34E767B4115}
		{2BFF63F0-AFE7-49F5-9D4C-B4D555CBAB1D} = {15039272-2861-4F80-9FC9-C34E767B4115}
		{A87BF17A-145D-4C0E-9656-4D1241D33C87} = {15039272-2861-4F80-9FC9-C34E767B4115}
		{A4C5F137-8B36-4009-B2A3-DDF858EBBCE3} = {784920B1-C055-494D-956F-2EA37DBE5D61}
		{4916C72A-B034-49B6-A610-78BC8BF6917B} = {784920B1-C055-494D-956F-2EA37DBE5D61}
		{C14A8379-08A1-4F35-8F10-8B54EB3D48C4} = {15039272-2861-4F80-9FC9-C34E767B4115}
		{ED1508E7-0464-43CD-8C1E-6D053C288666} = {15039272-2861-4F80-9FC9-C34E767B4115}
		{3E42D251-166D-4565-8B6C-02E6CFF29010} = {15039272-2861-4F80-9FC9-C34E767B4115}
		{0B323DC3-D671-49AE-98F7-740974BBF020} = {15039272-2861-4F80-9FC9-C34E767B4115}
		{FA566BCA-3459-43F7-93E1-E44D340DA374} = {15039272-2861-4F80-9FC9-C34E767B4115}
		{18BE4E90-D9E6-4CD3-ABA7-41648383BE95} = {784920B1-C055-494D-956F-2EA37DBE5D61}
		{CBB64232-502E-44C6-BD3A-384544B3B6B9} = {9C49E656-3046-418F-9714-710CFD203974}
		{E8743DAB-89F4-456E-9634-F9B4AD3AA55C} = {FA526CDD-5D9C-4FDF-9850-E5E58695910C}
		{612F0C17-3CDF-431A-A377-EDA643C6B7B1} = {D4430639-8382-4D65-9571-9A36BB92DD7A}
		{4A423FEA-0F47-4D48-BE70-F13FC6EB63F3} = {D4430639-8382-4D65-9571-9A36BB92DD7A}
		{5874F914-B0CD-4121-8FF4-1B1120A211D3} = {D4430639-8382-4D65-9571-9A36BB92DD7A}
		{604551CB-80F9-4652-8C06-1915F09579FC} = {60EB3A63-F645-41A4-AFB9-F0A4A9569C23}
		{0D7E92C4-CF19-40D7-AD8E-12BDAD3C2438} = {60EB3A63-F645-41A4-AFB9-F0A4A9569C23}
	EndGlobalSection
	GlobalSection(ProjectConfigurationPlatforms) = postSolution
		{97295147-A709-45FB-B960-7C38EF7BDD59}.Debug|Any CPU.ActiveCfg = Debug|Any CPU
		{97295147-A709-45FB-B960-7C38EF7BDD59}.Debug|Any CPU.Build.0 = Debug|Any CPU
		{97295147-A709-45FB-B960-7C38EF7BDD59}.Release|Any CPU.ActiveCfg = Release|Any CPU
		{97295147-A709-45FB-B960-7C38EF7BDD59}.Release|Any CPU.Build.0 = Release|Any CPU
		{BBE3429E-D9CA-46E2-BBA3-7F3E235CCA66}.Debug|Any CPU.ActiveCfg = Debug|Any CPU
		{BBE3429E-D9CA-46E2-BBA3-7F3E235CCA66}.Debug|Any CPU.Build.0 = Debug|Any CPU
		{BBE3429E-D9CA-46E2-BBA3-7F3E235CCA66}.Release|Any CPU.ActiveCfg = Release|Any CPU
		{BBE3429E-D9CA-46E2-BBA3-7F3E235CCA66}.Release|Any CPU.Build.0 = Release|Any CPU
		{E4B72CF2-FC88-4152-B3F8-CBB782AC902E}.Debug|Any CPU.ActiveCfg = Debug|Any CPU
		{E4B72CF2-FC88-4152-B3F8-CBB782AC902E}.Debug|Any CPU.Build.0 = Debug|Any CPU
		{E4B72CF2-FC88-4152-B3F8-CBB782AC902E}.Release|Any CPU.ActiveCfg = Release|Any CPU
		{E4B72CF2-FC88-4152-B3F8-CBB782AC902E}.Release|Any CPU.Build.0 = Release|Any CPU
		{A8C257E8-3037-47FC-B599-2FBAE5C3741F}.Debug|Any CPU.ActiveCfg = Debug|Any CPU
		{A8C257E8-3037-47FC-B599-2FBAE5C3741F}.Debug|Any CPU.Build.0 = Debug|Any CPU
		{A8C257E8-3037-47FC-B599-2FBAE5C3741F}.Release|Any CPU.ActiveCfg = Release|Any CPU
		{A8C257E8-3037-47FC-B599-2FBAE5C3741F}.Release|Any CPU.Build.0 = Release|Any CPU
		{3A416BFD-4276-4E18-B7E9-A2DA0A495684}.Debug|Any CPU.ActiveCfg = Debug|Any CPU
		{3A416BFD-4276-4E18-B7E9-A2DA0A495684}.Debug|Any CPU.Build.0 = Debug|Any CPU
		{3A416BFD-4276-4E18-B7E9-A2DA0A495684}.Release|Any CPU.ActiveCfg = Release|Any CPU
		{3A416BFD-4276-4E18-B7E9-A2DA0A495684}.Release|Any CPU.Build.0 = Release|Any CPU
		{A4DBFC28-EEBB-4003-A700-A0A815C34BF5}.Debug|Any CPU.ActiveCfg = Debug|Any CPU
		{A4DBFC28-EEBB-4003-A700-A0A815C34BF5}.Debug|Any CPU.Build.0 = Debug|Any CPU
		{A4DBFC28-EEBB-4003-A700-A0A815C34BF5}.Release|Any CPU.ActiveCfg = Release|Any CPU
		{A4DBFC28-EEBB-4003-A700-A0A815C34BF5}.Release|Any CPU.Build.0 = Release|Any CPU
		{F2D0EF7E-8595-4C3A-836A-AB1210A25516}.Debug|Any CPU.ActiveCfg = Debug|Any CPU
		{F2D0EF7E-8595-4C3A-836A-AB1210A25516}.Debug|Any CPU.Build.0 = Debug|Any CPU
		{F2D0EF7E-8595-4C3A-836A-AB1210A25516}.Release|Any CPU.ActiveCfg = Release|Any CPU
		{F2D0EF7E-8595-4C3A-836A-AB1210A25516}.Release|Any CPU.Build.0 = Release|Any CPU
		{71AE588E-EFBD-4A65-A78E-E9CCF704494B}.Debug|Any CPU.ActiveCfg = Debug|Any CPU
		{71AE588E-EFBD-4A65-A78E-E9CCF704494B}.Debug|Any CPU.Build.0 = Debug|Any CPU
		{71AE588E-EFBD-4A65-A78E-E9CCF704494B}.Release|Any CPU.ActiveCfg = Release|Any CPU
		{71AE588E-EFBD-4A65-A78E-E9CCF704494B}.Release|Any CPU.Build.0 = Release|Any CPU
		{9BDCD6C0-4C3C-4373-BED2-8CF1482F7F83}.Debug|Any CPU.ActiveCfg = Debug|Any CPU
		{9BDCD6C0-4C3C-4373-BED2-8CF1482F7F83}.Debug|Any CPU.Build.0 = Debug|Any CPU
		{9BDCD6C0-4C3C-4373-BED2-8CF1482F7F83}.Release|Any CPU.ActiveCfg = Release|Any CPU
		{9BDCD6C0-4C3C-4373-BED2-8CF1482F7F83}.Release|Any CPU.Build.0 = Release|Any CPU
		{F99DB788-1747-4450-9BAE-E170AC696E9D}.Debug|Any CPU.ActiveCfg = Debug|Any CPU
		{F99DB788-1747-4450-9BAE-E170AC696E9D}.Debug|Any CPU.Build.0 = Debug|Any CPU
		{F99DB788-1747-4450-9BAE-E170AC696E9D}.Release|Any CPU.ActiveCfg = Release|Any CPU
		{F99DB788-1747-4450-9BAE-E170AC696E9D}.Release|Any CPU.Build.0 = Release|Any CPU
		{381642FC-1C7D-4368-A46C-3455EFB88D25}.Debug|Any CPU.ActiveCfg = Debug|Any CPU
		{381642FC-1C7D-4368-A46C-3455EFB88D25}.Debug|Any CPU.Build.0 = Debug|Any CPU
		{381642FC-1C7D-4368-A46C-3455EFB88D25}.Release|Any CPU.ActiveCfg = Release|Any CPU
		{381642FC-1C7D-4368-A46C-3455EFB88D25}.Release|Any CPU.Build.0 = Release|Any CPU
		{C734CB85-6427-4010-BA1A-BB739C061299}.Debug|Any CPU.ActiveCfg = Debug|Any CPU
		{C734CB85-6427-4010-BA1A-BB739C061299}.Debug|Any CPU.Build.0 = Debug|Any CPU
		{C734CB85-6427-4010-BA1A-BB739C061299}.Release|Any CPU.ActiveCfg = Release|Any CPU
		{C734CB85-6427-4010-BA1A-BB739C061299}.Release|Any CPU.Build.0 = Release|Any CPU
		{747ADDE6-D3B2-4130-B53F-AE67E1D44824}.Debug|Any CPU.ActiveCfg = Debug|Any CPU
		{747ADDE6-D3B2-4130-B53F-AE67E1D44824}.Debug|Any CPU.Build.0 = Debug|Any CPU
		{747ADDE6-D3B2-4130-B53F-AE67E1D44824}.Release|Any CPU.ActiveCfg = Release|Any CPU
		{747ADDE6-D3B2-4130-B53F-AE67E1D44824}.Release|Any CPU.Build.0 = Release|Any CPU
		{3DACDADE-E4BA-4FF7-B432-9D79756BD707}.Debug|Any CPU.ActiveCfg = Debug|Any CPU
		{3DACDADE-E4BA-4FF7-B432-9D79756BD707}.Debug|Any CPU.Build.0 = Debug|Any CPU
		{3DACDADE-E4BA-4FF7-B432-9D79756BD707}.Release|Any CPU.ActiveCfg = Release|Any CPU
		{3DACDADE-E4BA-4FF7-B432-9D79756BD707}.Release|Any CPU.Build.0 = Release|Any CPU
		{39CD4412-9C3F-403D-98B9-695CB0CCB9A1}.Debug|Any CPU.ActiveCfg = Debug|Any CPU
		{39CD4412-9C3F-403D-98B9-695CB0CCB9A1}.Debug|Any CPU.Build.0 = Debug|Any CPU
		{39CD4412-9C3F-403D-98B9-695CB0CCB9A1}.Release|Any CPU.ActiveCfg = Release|Any CPU
		{39CD4412-9C3F-403D-98B9-695CB0CCB9A1}.Release|Any CPU.Build.0 = Release|Any CPU
		{07B2293B-25AD-4F21-ACED-37FBBE91B26E}.Debug|Any CPU.ActiveCfg = Debug|Any CPU
		{07B2293B-25AD-4F21-ACED-37FBBE91B26E}.Debug|Any CPU.Build.0 = Debug|Any CPU
		{07B2293B-25AD-4F21-ACED-37FBBE91B26E}.Release|Any CPU.ActiveCfg = Release|Any CPU
		{07B2293B-25AD-4F21-ACED-37FBBE91B26E}.Release|Any CPU.Build.0 = Release|Any CPU
		{2BFF63F0-AFE7-49F5-9D4C-B4D555CBAB1D}.Debug|Any CPU.ActiveCfg = Debug|Any CPU
		{2BFF63F0-AFE7-49F5-9D4C-B4D555CBAB1D}.Debug|Any CPU.Build.0 = Debug|Any CPU
		{2BFF63F0-AFE7-49F5-9D4C-B4D555CBAB1D}.Release|Any CPU.ActiveCfg = Release|Any CPU
		{2BFF63F0-AFE7-49F5-9D4C-B4D555CBAB1D}.Release|Any CPU.Build.0 = Release|Any CPU
		{A87BF17A-145D-4C0E-9656-4D1241D33C87}.Debug|Any CPU.ActiveCfg = Debug|Any CPU
		{A87BF17A-145D-4C0E-9656-4D1241D33C87}.Debug|Any CPU.Build.0 = Debug|Any CPU
		{A87BF17A-145D-4C0E-9656-4D1241D33C87}.Release|Any CPU.ActiveCfg = Release|Any CPU
		{A87BF17A-145D-4C0E-9656-4D1241D33C87}.Release|Any CPU.Build.0 = Release|Any CPU
		{A4C5F137-8B36-4009-B2A3-DDF858EBBCE3}.Debug|Any CPU.ActiveCfg = Debug|Any CPU
		{A4C5F137-8B36-4009-B2A3-DDF858EBBCE3}.Debug|Any CPU.Build.0 = Debug|Any CPU
		{A4C5F137-8B36-4009-B2A3-DDF858EBBCE3}.Release|Any CPU.ActiveCfg = Release|Any CPU
		{A4C5F137-8B36-4009-B2A3-DDF858EBBCE3}.Release|Any CPU.Build.0 = Release|Any CPU
		{4916C72A-B034-49B6-A610-78BC8BF6917B}.Debug|Any CPU.ActiveCfg = Debug|Any CPU
		{4916C72A-B034-49B6-A610-78BC8BF6917B}.Debug|Any CPU.Build.0 = Debug|Any CPU
		{4916C72A-B034-49B6-A610-78BC8BF6917B}.Release|Any CPU.ActiveCfg = Release|Any CPU
		{4916C72A-B034-49B6-A610-78BC8BF6917B}.Release|Any CPU.Build.0 = Release|Any CPU
		{C14A8379-08A1-4F35-8F10-8B54EB3D48C4}.Debug|Any CPU.ActiveCfg = Debug|Any CPU
		{C14A8379-08A1-4F35-8F10-8B54EB3D48C4}.Debug|Any CPU.Build.0 = Debug|Any CPU
		{C14A8379-08A1-4F35-8F10-8B54EB3D48C4}.Release|Any CPU.ActiveCfg = Release|Any CPU
		{C14A8379-08A1-4F35-8F10-8B54EB3D48C4}.Release|Any CPU.Build.0 = Release|Any CPU
		{ED1508E7-0464-43CD-8C1E-6D053C288666}.Debug|Any CPU.ActiveCfg = Debug|Any CPU
		{ED1508E7-0464-43CD-8C1E-6D053C288666}.Debug|Any CPU.Build.0 = Debug|Any CPU
		{ED1508E7-0464-43CD-8C1E-6D053C288666}.Release|Any CPU.ActiveCfg = Release|Any CPU
		{ED1508E7-0464-43CD-8C1E-6D053C288666}.Release|Any CPU.Build.0 = Release|Any CPU
		{3E42D251-166D-4565-8B6C-02E6CFF29010}.Debug|Any CPU.ActiveCfg = Debug|Any CPU
		{3E42D251-166D-4565-8B6C-02E6CFF29010}.Debug|Any CPU.Build.0 = Debug|Any CPU
		{3E42D251-166D-4565-8B6C-02E6CFF29010}.Release|Any CPU.ActiveCfg = Release|Any CPU
		{3E42D251-166D-4565-8B6C-02E6CFF29010}.Release|Any CPU.Build.0 = Release|Any CPU
		{0B323DC3-D671-49AE-98F7-740974BBF020}.Debug|Any CPU.ActiveCfg = Debug|Any CPU
		{0B323DC3-D671-49AE-98F7-740974BBF020}.Debug|Any CPU.Build.0 = Debug|Any CPU
		{0B323DC3-D671-49AE-98F7-740974BBF020}.Release|Any CPU.ActiveCfg = Release|Any CPU
		{0B323DC3-D671-49AE-98F7-740974BBF020}.Release|Any CPU.Build.0 = Release|Any CPU
		{FA566BCA-3459-43F7-93E1-E44D340DA374}.Debug|Any CPU.ActiveCfg = Debug|Any CPU
		{FA566BCA-3459-43F7-93E1-E44D340DA374}.Debug|Any CPU.Build.0 = Debug|Any CPU
		{FA566BCA-3459-43F7-93E1-E44D340DA374}.Release|Any CPU.ActiveCfg = Release|Any CPU
		{FA566BCA-3459-43F7-93E1-E44D340DA374}.Release|Any CPU.Build.0 = Release|Any CPU
		{18BE4E90-D9E6-4CD3-ABA7-41648383BE95}.Debug|Any CPU.ActiveCfg = Debug|Any CPU
		{18BE4E90-D9E6-4CD3-ABA7-41648383BE95}.Debug|Any CPU.Build.0 = Debug|Any CPU
		{18BE4E90-D9E6-4CD3-ABA7-41648383BE95}.Release|Any CPU.ActiveCfg = Release|Any CPU
		{18BE4E90-D9E6-4CD3-ABA7-41648383BE95}.Release|Any CPU.Build.0 = Release|Any CPU
		{CBB64232-502E-44C6-BD3A-384544B3B6B9}.Debug|Any CPU.ActiveCfg = Debug|Any CPU
		{CBB64232-502E-44C6-BD3A-384544B3B6B9}.Debug|Any CPU.Build.0 = Debug|Any CPU
		{CBB64232-502E-44C6-BD3A-384544B3B6B9}.Release|Any CPU.ActiveCfg = Release|Any CPU
		{CBB64232-502E-44C6-BD3A-384544B3B6B9}.Release|Any CPU.Build.0 = Release|Any CPU
		{E8743DAB-89F4-456E-9634-F9B4AD3AA55C}.Debug|Any CPU.ActiveCfg = Debug|Any CPU
		{E8743DAB-89F4-456E-9634-F9B4AD3AA55C}.Debug|Any CPU.Build.0 = Debug|Any CPU
		{E8743DAB-89F4-456E-9634-F9B4AD3AA55C}.Release|Any CPU.ActiveCfg = Release|Any CPU
		{E8743DAB-89F4-456E-9634-F9B4AD3AA55C}.Release|Any CPU.Build.0 = Release|Any CPU
		{612F0C17-3CDF-431A-A377-EDA643C6B7B1}.Debug|Any CPU.ActiveCfg = Debug|Any CPU
		{612F0C17-3CDF-431A-A377-EDA643C6B7B1}.Debug|Any CPU.Build.0 = Debug|Any CPU
		{612F0C17-3CDF-431A-A377-EDA643C6B7B1}.Release|Any CPU.ActiveCfg = Release|Any CPU
		{612F0C17-3CDF-431A-A377-EDA643C6B7B1}.Release|Any CPU.Build.0 = Release|Any CPU
		{4A423FEA-0F47-4D48-BE70-F13FC6EB63F3}.Debug|Any CPU.ActiveCfg = Debug|Any CPU
		{4A423FEA-0F47-4D48-BE70-F13FC6EB63F3}.Debug|Any CPU.Build.0 = Debug|Any CPU
		{4A423FEA-0F47-4D48-BE70-F13FC6EB63F3}.Release|Any CPU.ActiveCfg = Release|Any CPU
		{4A423FEA-0F47-4D48-BE70-F13FC6EB63F3}.Release|Any CPU.Build.0 = Release|Any CPU
		{5874F914-B0CD-4121-8FF4-1B1120A211D3}.Debug|Any CPU.ActiveCfg = Debug|Any CPU
		{5874F914-B0CD-4121-8FF4-1B1120A211D3}.Debug|Any CPU.Build.0 = Debug|Any CPU
		{5874F914-B0CD-4121-8FF4-1B1120A211D3}.Release|Any CPU.ActiveCfg = Release|Any CPU
		{5874F914-B0CD-4121-8FF4-1B1120A211D3}.Release|Any CPU.Build.0 = Release|Any CPU
		{604551CB-80F9-4652-8C06-1915F09579FC}.Debug|Any CPU.ActiveCfg = Debug|Any CPU
		{604551CB-80F9-4652-8C06-1915F09579FC}.Debug|Any CPU.Build.0 = Debug|Any CPU
		{604551CB-80F9-4652-8C06-1915F09579FC}.Release|Any CPU.ActiveCfg = Release|Any CPU
		{604551CB-80F9-4652-8C06-1915F09579FC}.Release|Any CPU.Build.0 = Release|Any CPU
		{0D7E92C4-CF19-40D7-AD8E-12BDAD3C2438}.Debug|Any CPU.ActiveCfg = Debug|Any CPU
		{0D7E92C4-CF19-40D7-AD8E-12BDAD3C2438}.Debug|Any CPU.Build.0 = Debug|Any CPU
		{0D7E92C4-CF19-40D7-AD8E-12BDAD3C2438}.Release|Any CPU.ActiveCfg = Release|Any CPU
		{0D7E92C4-CF19-40D7-AD8E-12BDAD3C2438}.Release|Any CPU.Build.0 = Release|Any CPU
	EndGlobalSection
EndGlobal
